
Microsoft Visual Studio Solution File, Format Version 12.00
# Visual Studio Version 17
VisualStudioVersion = 17.10.35013.160
MinimumVisualStudioVersion = 10.0.40219.1
Project("{888888A0-9F3D-457C-B088-3A5042F75D52}") = "tusk 3", "tusk 3\tusk 3.pyproj", "{0B14A57B-DBCA-47CD-A048-E34677456388}"
EndProject
Global
	GlobalSection(SolutionConfigurationPlatforms) = preSolution
		Debug|Any CPU = Debug|Any CPU
		Release|Any CPU = Release|Any CPU
	EndGlobalSection
	GlobalSection(ProjectConfigurationPlatforms) = postSolution
		{0B14A57B-DBCA-47CD-A048-E34677456388}.Debug|Any CPU.ActiveCfg = Debug|Any CPU
		{0B14A57B-DBCA-47CD-A048-E34677456388}.Release|Any CPU.ActiveCfg = Release|Any CPU
	EndGlobalSection
	GlobalSection(SolutionProperties) = preSolution
		HideSolutionNode = FALSE
	EndGlobalSection
	GlobalSection(ExtensibilityGlobals) = postSolution
		SolutionGuid = {4E385CD8-B89A-4A07-A210-D2B52E0F8237}
	EndGlobalSection
EndGlobal
